
Microsoft Visual Studio Solution File, Format Version 12.00
# Visual Studio Version 17
VisualStudioVersion = 17.14.37111.16
MinimumVisualStudioVersion = 10.0.40219.1
Project("{FAE04EC0-301F-11D3-BF4B-00C04F79EFBC}") = "PLMP-S6G5", "PLMP-S6G5\PLMP-S6G5.csproj", "{8E89C56B-B7D3-5F71-330C-0D87DC55603A}"
EndProject
Project("{FAE04EC0-301F-11D3-BF4B-00C04F79EFBC}") = "PLMP-MVC", "PLMP-MVC\PLMP-MVC.csproj", "{39989903-9A1B-2D1E-E431-343BDA9D7366}"
EndProject
Global
	GlobalSection(SolutionConfigurationPlatforms) = preSolution
		Debug|Any CPU = Debug|Any CPU
		Release|Any CPU = Release|Any CPU
	EndGlobalSection
	GlobalSection(ProjectConfigurationPlatforms) = postSolution
		{8E89C56B-B7D3-5F71-330C-0D87DC55603A}.Debug|Any CPU.ActiveCfg = Debug|Any CPU
		{8E89C56B-B7D3-5F71-330C-0D87DC55603A}.Debug|Any CPU.Build.0 = Debug|Any CPU
		{8E89C56B-B7D3-5F71-330C-0D87DC55603A}.Release|Any CPU.ActiveCfg = Release|Any CPU
		{8E89C56B-B7D3-5F71-330C-0D87DC55603A}.Release|Any CPU.Build.0 = Release|Any CPU
		{39989903-9A1B-2D1E-E431-343BDA9D7366}.Debug|Any CPU.ActiveCfg = Debug|Any CPU
		{39989903-9A1B-2D1E-E431-343BDA9D7366}.Debug|Any CPU.Build.0 = Debug|Any CPU
		{39989903-9A1B-2D1E-E431-343BDA9D7366}.Release|Any CPU.ActiveCfg = Release|Any CPU
		{39989903-9A1B-2D1E-E431-343BDA9D7366}.Release|Any CPU.Build.0 = Release|Any CPU
	EndGlobalSection
	GlobalSection(SolutionProperties) = preSolution
		HideSolutionNode = FALSE
	EndGlobalSection
	GlobalSection(ExtensibilityGlobals) = postSolution
		SolutionGuid = {CD555354-D82A-4955-909A-D1934A1B693A}
	EndGlobalSection
EndGlobal
